
Microsoft Visual Studio Solution File, Format Version 12.00
# Visual Studio 2013
VisualStudioVersion = 12.0.21005.1
MinimumVisualStudioVersion = 10.0.40219.1
Project("{FAE04EC0-301F-11D3-BF4B-00C04F79EFBC}") = "1. SquareRoot", "1. SquareRoot\1. SquareRoot.csproj", "{CA0517BC-8B27-4D8A-8C0F-F303F5B0E9A0}"
EndProject
Project("{FAE04EC0-301F-11D3-BF4B-00C04F79EFBC}") = "2. EnterNumbers", "2. EnterNumbers\2. EnterNumbers.csproj", "{375BCD4D-23B7-4CA1-949C-BA287A7047ED}"
EndProject
Project("{FAE04EC0-301F-11D3-BF4B-00C04F79EFBC}") = "3. ReadFileContents", "3. ReadFileContents\3. ReadFileContents.csproj", "{9251514C-793E-42DE-9AD2-F7BABA28AA8D}"
EndProject
Project("{FAE04EC0-301F-11D3-BF4B-00C04F79EFBC}") = "4. DownloadFile", "4. DownloadFile\4. DownloadFile.csproj", "{DFAFAA00-3CC5-443F-A3AE-4ABEDE85D6F5}"
EndProject
Global
	GlobalSection(SolutionConfigurationPlatforms) = preSolution
		Debug|Any CPU = Debug|Any CPU
		Release|Any CPU = Release|Any CPU
	EndGlobalSection
	GlobalSection(ProjectConfigurationPlatforms) = postSolution
		{CA0517BC-8B27-4D8A-8C0F-F303F5B0E9A0}.Debug|Any CPU.ActiveCfg = Debug|Any CPU
		{CA0517BC-8B27-4D8A-8C0F-F303F5B0E9A0}.Debug|Any CPU.Build.0 = Debug|Any CPU
		{CA0517BC-8B27-4D8A-8C0F-F303F5B0E9A0}.Release|Any CPU.ActiveCfg = Release|Any CPU
		{CA0517BC-8B27-4D8A-8C0F-F303F5B0E9A0}.Release|Any CPU.Build.0 = Release|Any CPU
		{375BCD4D-23B7-4CA1-949C-BA287A7047ED}.Debug|Any CPU.ActiveCfg = Debug|Any CPU
		{375BCD4D-23B7-4CA1-949C-BA287A7047ED}.Debug|Any CPU.Build.0 = Debug|Any CPU
		{375BCD4D-23B7-4CA1-949C-BA287A7047ED}.Release|Any CPU.ActiveCfg = Release|Any CPU
		{375BCD4D-23B7-4CA1-949C-BA287A7047ED}.Release|Any CPU.Build.0 = Release|Any CPU
		{9251514C-793E-42DE-9AD2-F7BABA28AA8D}.Debug|Any CPU.ActiveCfg = Debug|Any CPU
		{9251514C-793E-42DE-9AD2-F7BABA28AA8D}.Debug|Any CPU.Build.0 = Debug|Any CPU
		{9251514C-793E-42DE-9AD2-F7BABA28AA8D}.Release|Any CPU.ActiveCfg = Release|Any CPU
		{9251514C-793E-42DE-9AD2-F7BABA28AA8D}.Release|Any CPU.Build.0 = Release|Any CPU
		{DFAFAA00-3CC5-443F-A3AE-4ABEDE85D6F5}.Debug|Any CPU.ActiveCfg = Debug|Any CPU
		{DFAFAA00-3CC5-443F-A3AE-4ABEDE85D6F5}.Debug|Any CPU.Build.0 = Debug|Any CPU
		{DFAFAA00-3CC5-443F-A3AE-4ABEDE85D6F5}.Release|Any CPU.ActiveCfg = Release|Any CPU
		{DFAFAA00-3CC5-443F-A3AE-4ABEDE85D6F5}.Release|Any CPU.Build.0 = Release|Any CPU
	EndGlobalSection
	GlobalSection(SolutionProperties) = preSolution
		HideSolutionNode = FALSE
	EndGlobalSection
EndGlobal
